{
  "name": "demo",
  "version": "1.0.0",
  "lockfileVersion": 2,
  "requires": true,
  "packages": {
    "": {
      "name": "demo",
      "version": "1.0.0",
      "license": "ISC",
      "dependencies": {
        "csv-parse": "^5.6.0",
        "emoji-regex": "^10.4.0",
        "pdf-viewer": "^0.8.1"
      }
    },
    "node_modules/csv-parse": {
      "version": "5.6.0",
      "resolved": "https://asia-south1-npm.pkg.dev/devops-438202/npm-virtual-repo/csv-parse/-/csv-parse-5.6.0.tgz",
      "integrity": "sha512-l3nz3euub2QMg5ouu5U09Ew9Wf6/wQ8I++ch1loQ0ljmzhmfZYrH9fflS22i/PQEvsPvxCwxgz5q7UB8K1JO4Q==",
      "license": "MIT"
    },
    "node_modules/emoji-regex": {
      "version": "10.4.0",
      "resolved": "https://asia-south1-npm.pkg.dev/devops-438202/npm-virtual-repo/emoji-regex/-/emoji-regex-10.4.0.tgz",
      "integrity": "sha512-EC+0oUMY1Rqm4O6LLrgjtYDvcVYTy7chDnM4Q7030tP4Kwj3u/pR6gP9ygnp2CJMK5Gq+9Q2oqmrFJAz01DXjw==",
      "license": "MIT"
    },
    "node_modules/pdf-viewer": {
      "version": "0.8.1",
      "resolved": "https://asia-south1-npm.pkg.dev/devops-438202/npm-virtual-repo/pdf-viewer/-/pdf-viewer-0.8.1.tgz",
      "integrity": "sha512-EO3cHnloOYEzT/v9Inz8oaX+1RoL/lJmRlACQNoB9MK11zDaYHyz9QX+5/sXtn04kl0IcCedSXnyx1m3PSM/Rw==",
      "license": "ISC"
    }
  },
  "dependencies": {
    "csv-parse": {
      "version": "5.6.0",
      "resolved": "https://asia-south1-npm.pkg.dev/devops-438202/npm-virtual-repo/csv-parse/-/csv-parse-5.6.0.tgz",
      "integrity": "sha512-l3nz3euub2QMg5ouu5U09Ew9Wf6/wQ8I++ch1loQ0ljmzhmfZYrH9fflS22i/PQEvsPvxCwxgz5q7UB8K1JO4Q=="
    },
    "emoji-regex": {
      "version": "10.4.0",
      "resolved": "https://asia-south1-npm.pkg.dev/devops-438202/npm-virtual-repo/emoji-regex/-/emoji-regex-10.4.0.tgz",
      "integrity": "sha512-EC+0oUMY1Rqm4O6LLrgjtYDvcVYTy7chDnM4Q7030tP4Kwj3u/pR6gP9ygnp2CJMK5Gq+9Q2oqmrFJAz01DXjw=="
    },
    "pdf-viewer": {
      "version": "0.8.1",
      "resolved": "https://asia-south1-npm.pkg.dev/devops-438202/npm-virtual-repo/pdf-viewer/-/pdf-viewer-0.8.1.tgz",
      "integrity": "sha512-EO3cHnloOYEzT/v9Inz8oaX+1RoL/lJmRlACQNoB9MK11zDaYHyz9QX+5/sXtn04kl0IcCedSXnyx1m3PSM/Rw=="
    }
  }
}
